{
  "name": "ajs_library",
  "lockfileVersion": 3,
  "requires": true,
  "packages": {
    "": {
      "dependencies": {
        "@edgaralemasov/ajs": "^1.0.0"
      }
    },
    "node_modules/@edgaralemasov/ajs": {
      "version": "1.0.0",
      "resolved": "https://npm.pkg.github.com/download/@edgaralemasov/ajs/1.0.0/a77af41dde2997ba0e73c4969b3ab1edfa0d38c5",
      "integrity": "sha512-wTeH5qWq5COpy72lNm6S5dubcz52TvgBrxWmleOyZxzio0iT+g+7S7VnclNMqHCcjkmkyrx41Jy2924UgUBoBQ==",
      "license": "ISC"
    }
  }
}
